
Microsoft Visual Studio Solution File, Format Version 12.00
# Visual Studio Version 17
VisualStudioVersion = 17.3.32825.248
MinimumVisualStudioVersion = 10.0.40219.1
Project("{9A19103F-16F7-4668-BE54-9A1E7A4F7556}") = "AdventOfCode", "AdventOfCode1\AdventOfCode.csproj", "{BB56C669-18FA-48DE-9B5E-CEC2AA941F82}"
EndProject
Global
	GlobalSection(SolutionConfigurationPlatforms) = preSolution
		Debug|Any CPU = Debug|Any CPU
		Release|Any CPU = Release|Any CPU
	EndGlobalSection
	GlobalSection(ProjectConfigurationPlatforms) = postSolution
		{BB56C669-18FA-48DE-9B5E-CEC2AA941F82}.Debug|Any CPU.ActiveCfg = Debug|Any CPU
		{BB56C669-18FA-48DE-9B5E-CEC2AA941F82}.Debug|Any CPU.Build.0 = Debug|Any CPU
		{BB56C669-18FA-48DE-9B5E-CEC2AA941F82}.Release|Any CPU.ActiveCfg = Release|Any CPU
		{BB56C669-18FA-48DE-9B5E-CEC2AA941F82}.Release|Any CPU.Build.0 = Release|Any CPU
	EndGlobalSection
	GlobalSection(SolutionProperties) = preSolution
		HideSolutionNode = FALSE
	EndGlobalSection
	GlobalSection(ExtensibilityGlobals) = postSolution
		SolutionGuid = {CCFC871E-9D7D-4261-A2FC-32370C6175DE}
	EndGlobalSection
EndGlobal
